// !$*UTF8*$!
{
	archiveVersion = 1;
	classes = {
	};
	objectVersion = 55;
	objects = {

/* Begin PBXBuildFile section */
		E0A2AE352876A49100C93CB1 /* main.swift in Sources */ = {isa = PBXBuildFile; fileRef = E0A2AE342876A49100C93CB1 /* main.swift */; };
		E0A2AE3C2876A4B000C93CB1 /* Level2+60057.swift in Sources */ = {isa = PBXBuildFile; fileRef = E0A2AE3B2876A4B000C93CB1 /* Level2+60057.swift */; };
		E0A2AE402876A5F400C93CB1 /* Level1+72410.swift in Sources */ = {isa = PBXBuildFile; fileRef = E0A2AE3F2876A5F400C93CB1 /* Level1+72410.swift */; };
		E0A2AE422876C5F800C93CB1 /* Level2+42888.swift in Sources */ = {isa = PBXBuildFile; fileRef = E0A2AE412876C5F800C93CB1 /* Level2+42888.swift */; };
		E0A2AE442876F81600C93CB1 /* Level2+42586.swift in Sources */ = {isa = PBXBuildFile; fileRef = E0A2AE432876F81600C93CB1 /* Level2+42586.swift */; };
/* End PBXBuildFile section */

/* Begin PBXCopyFilesBuildPhase section */
		E0A2AE2F2876A49100C93CB1 /* CopyFiles */ = {
			isa = PBXCopyFilesBuildPhase;
			buildActionMask = 2147483647;
			dstPath = /usr/share/man/man1/;
			dstSubfolderSpec = 0;
			files = (
			);
			runOnlyForDeploymentPostprocessing = 1;
		};
/* End PBXCopyFilesBuildPhase section */

/* Begin PBXFileReference section */
		E0A2AE312876A49100C93CB1 /* Algorithm */ = {isa = PBXFileReference; explicitFileType = "compiled.mach-o.executable"; includeInIndex = 0; path = Algorithm; sourceTree = BUILT_PRODUCTS_DIR; };
		E0A2AE342876A49100C93CB1 /* main.swift */ = {isa = PBXFileReference; lastKnownFileType = sourcecode.swift; path = main.swift; sourceTree = "<group>"; };
		E0A2AE3B2876A4B000C93CB1 /* Level2+60057.swift */ = {isa = PBXFileReference; lastKnownFileType = sourcecode.swift; path = "Level2+60057.swift"; sourceTree = "<group>"; };
		E0A2AE3F2876A5F400C93CB1 /* Level1+72410.swift */ = {isa = PBXFileReference; lastKnownFileType = sourcecode.swift; path = "Level1+72410.swift"; sourceTree = "<group>"; };
		E0A2AE412876C5F800C93CB1 /* Level2+42888.swift */ = {isa = PBXFileReference; lastKnownFileType = sourcecode.swift; path = "Level2+42888.swift"; sourceTree = "<group>"; };
		E0A2AE432876F81600C93CB1 /* Level2+42586.swift */ = {isa = PBXFileReference; lastKnownFileType = sourcecode.swift; path = "Level2+42586.swift"; sourceTree = "<group>"; };
/* End PBXFileReference section */

/* Begin PBXFrameworksBuildPhase section */
		E0A2AE2E2876A49100C93CB1 /* Frameworks */ = {
			isa = PBXFrameworksBuildPhase;
			buildActionMask = 2147483647;
			files = (
			);
			runOnlyForDeploymentPostprocessing = 0;
		};
/* End PBXFrameworksBuildPhase section */

/* Begin PBXGroup section */
		E0A2AE282876A49100C93CB1 = {
			isa = PBXGroup;
			children = (
				E0A2AE332876A49100C93CB1 /* Algorithm */,
				E0A2AE322876A49100C93CB1 /* Products */,
			);
			sourceTree = "<group>";
		};
		E0A2AE322876A49100C93CB1 /* Products */ = {
			isa = PBXGroup;
			children = (
				E0A2AE312876A49100C93CB1 /* Algorithm */,
			);
			name = Products;
			sourceTree = "<group>";
		};
		E0A2AE332876A49100C93CB1 /* Algorithm */ = {
			isa = PBXGroup;
			children = (
				E0A2AE3D2876A5B700C93CB1 /* Level1 */,
				E0A2AE3E2876A5C000C93CB1 /* Level2 */,
				E0A2AE342876A49100C93CB1 /* main.swift */,
			);
			path = Algorithm;
			sourceTree = "<group>";
		};
		E0A2AE3D2876A5B700C93CB1 /* Level1 */ = {
			isa = PBXGroup;
			children = (
				E0A2AE3F2876A5F400C93CB1 /* Level1+72410.swift */,
			);
			path = Level1;
			sourceTree = "<group>";
		};
		E0A2AE3E2876A5C000C93CB1 /* Level2 */ = {
			isa = PBXGroup;
			children = (
				E0A2AE3B2876A4B000C93CB1 /* Level2+60057.swift */,
				E0A2AE412876C5F800C93CB1 /* Level2+42888.swift */,
				E0A2AE432876F81600C93CB1 /* Level2+42586.swift */,
			);
			path = Level2;
			sourceTree = "<group>";
		};
/* End PBXGroup section */

/* Begin PBXNativeTarget section */
		E0A2AE302876A49100C93CB1 /* Algorithm */ = {
			isa = PBXNativeTarget;
			buildConfigurationList = E0A2AE382876A49100C93CB1 /* Build configuration list for PBXNativeTarget "Algorithm" */;
			buildPhases = (
				E0A2AE2D2876A49100C93CB1 /* Sources */,
				E0A2AE2E2876A49100C93CB1 /* Frameworks */,
				E0A2AE2F2876A49100C93CB1 /* CopyFiles */,
			);
			buildRules = (
			);
			dependencies = (
			);
			name = Algorithm;
			productName = Algorithm;
			productReference = E0A2AE312876A49100C93CB1 /* Algorithm */;
			productType = "com.apple.product-type.tool";
		};
/* End PBXNativeTarget section */

/* Begin PBXProject section */
		E0A2AE292876A49100C93CB1 /* Project object */ = {
			isa = PBXProject;
			attributes = {
				BuildIndependentTargetsInParallel = 1;
				LastSwiftUpdateCheck = 1330;
				LastUpgradeCheck = 1330;
				TargetAttributes = {
					E0A2AE302876A49100C93CB1 = {
						CreatedOnToolsVersion = 13.3.1;
					};
				};
			};
			buildConfigurationList = E0A2AE2C2876A49100C93CB1 /* Build configuration list for PBXProject "Algorithm" */;
			compatibilityVersion = "Xcode 13.0";
			developmentRegion = en;
			hasScannedForEncodings = 0;
			knownRegions = (
				en,
				Base,
			);
			mainGroup = E0A2AE282876A49100C93CB1;
			productRefGroup = E0A2AE322876A49100C93CB1 /* Products */;
			projectDirPath = "";
			projectRoot = "";
			targets = (
				E0A2AE302876A49100C93CB1 /* Algorithm */,
			);
		};
/* End PBXProject section */

/* Begin PBXSourcesBuildPhase section */
		E0A2AE2D2876A49100C93CB1 /* Sources */ = {
			isa = PBXSourcesBuildPhase;
			buildActionMask = 2147483647;
			files = (
				E0A2AE422876C5F800C93CB1 /* Level2+42888.swift in Sources */,
				E0A2AE442876F81600C93CB1 /* Level2+42586.swift in Sources */,
				E0A2AE402876A5F400C93CB1 /* Level1+72410.swift in Sources */,
				E0A2AE3C2876A4B000C93CB1 /* Level2+60057.swift in Sources */,
				E0A2AE352876A49100C93CB1 /* main.swift in Sources */,
			);
			runOnlyForDeploymentPostprocessing = 0;
		};
/* End PBXSourcesBuildPhase section */

/* Begin XCBuildConfiguration section */
		E0A2AE362876A49100C93CB1 /* Debug */ = {
			isa = XCBuildConfiguration;
			buildSettings = {
				ALWAYS_SEARCH_USER_PATHS = NO;
				CLANG_ANALYZER_NONNULL = YES;
				CLANG_ANALYZER_NUMBER_OBJECT_CONVERSION = YES_AGGRESSIVE;
				CLANG_CXX_LANGUAGE_STANDARD = "gnu++17";
				CLANG_ENABLE_MODULES = YES;
				CLANG_ENABLE_OBJC_ARC = YES;
				CLANG_ENABLE_OBJC_WEAK = YES;
				CLANG_WARN_BLOCK_CAPTURE_AUTORELEASING = YES;
				CLANG_WARN_BOOL_CONVERSION = YES;
				CLANG_WARN_COMMA = YES;
				CLANG_WARN_CONSTANT_CONVERSION = YES;
				CLANG_WARN_DEPRECATED_OBJC_IMPLEMENTATIONS = YES;
				CLANG_WARN_DIRECT_OBJC_ISA_USAGE = YES_ERROR;
				CLANG_WARN_DOCUMENTATION_COMMENTS = YES;
				CLANG_WARN_EMPTY_BODY = YES;
				CLANG_WARN_ENUM_CONVERSION = YES;
				CLANG_WARN_INFINITE_RECURSION = YES;
				CLANG_WARN_INT_CONVERSION = YES;
				CLANG_WARN_NON_LITERAL_NULL_CONVERSION = YES;
				CLANG_WARN_OBJC_IMPLICIT_RETAIN_SELF = YES;
				CLANG_WARN_OBJC_LITERAL_CONVERSION = YES;
				CLANG_WARN_OBJC_ROOT_CLASS = YES_ERROR;
				CLANG_WARN_QUOTED_INCLUDE_IN_FRAMEWORK_HEADER = YES;
				CLANG_WARN_RANGE_LOOP_ANALYSIS = YES;
				CLANG_WARN_STRICT_PROTOTYPES = YES;
				CLANG_WARN_SUSPICIOUS_MOVE = YES;
				CLANG_WARN_UNGUARDED_AVAILABILITY = YES_AGGRESSIVE;
				CLANG_WARN_UNREACHABLE_CODE = YES;
				CLANG_WARN__DUPLICATE_METHOD_MATCH = YES;
				COPY_PHASE_STRIP = NO;
				DEBUG_INFORMATION_FORMAT = dwarf;
				ENABLE_STRICT_OBJC_MSGSEND = YES;
				ENABLE_TESTABILITY = YES;
				GCC_C_LANGUAGE_STANDARD = gnu11;
				GCC_DYNAMIC_NO_PIC = NO;
				GCC_NO_COMMON_BLOCKS = YES;
				GCC_OPTIMIZATION_LEVEL = 0;
				GCC_PREPROCESSOR_DEFINITIONS = (
					"DEBUG=1",
					"$(inherited)",
				);
				GCC_WARN_64_TO_32_BIT_CONVERSION = YES;
				GCC_WARN_ABOUT_RETURN_TYPE = YES_ERROR;
				GCC_WARN_UNDECLARED_SELECTOR = YES;
				GCC_WARN_UNINITIALIZED_AUTOS = YES_AGGRESSIVE;
				GCC_WARN_UNUSED_FUNCTION = YES;
				GCC_WARN_UNUSED_VARIABLE = YES;
				MACOSX_DEPLOYMENT_TARGET = 12.0;
				MTL_ENABLE_DEBUG_INFO = INCLUDE_SOURCE;
				MTL_FAST_MATH = YES;
				ONLY_ACTIVE_ARCH = YES;
				SDKROOT = macosx;
				SWIFT_ACTIVE_COMPILATION_CONDITIONS = DEBUG;
				SWIFT_OPTIMIZATION_LEVEL = "-Onone";
			};
			name = Debug;
		};
		E0A2AE372876A49100C93CB1 /* Release */ = {
			isa = XCBuildConfiguration;
			buildSettings = {
				ALWAYS_SEARCH_USER_PATHS = NO;
				CLANG_ANALYZER_NONNULL = YES;
				CLANG_ANALYZER_NUMBER_OBJECT_CONVERSION = YES_AGGRESSIVE;
				CLANG_CXX_LANGUAGE_STANDARD = "gnu++17";
				CLANG_ENABLE_MODULES = YES;
				CLANG_ENABLE_OBJC_ARC = YES;
				CLANG_ENABLE_OBJC_WEAK = YES;
				CLANG_WARN_BLOCK_CAPTURE_AUTORELEASING = YES;
				CLANG_WARN_BOOL_CONVERSION = YES;
				CLANG_WARN_COMMA = YES;
				CLANG_WARN_CONSTANT_CONVERSION = YES;
				CLANG_WARN_DEPRECATED_OBJC_IMPLEMENTATIONS = YES;
				CLANG_WARN_DIRECT_OBJC_ISA_USAGE = YES_ERROR;
				CLANG_WARN_DOCUMENTATION_COMMENTS = YES;
				CLANG_WARN_EMPTY_BODY = YES;
				CLANG_WARN_ENUM_CONVERSION = YES;
				CLANG_WARN_INFINITE_RECURSION = YES;
				CLANG_WARN_INT_CONVERSION = YES;
				CLANG_WARN_NON_LITERAL_NULL_CONVERSION = YES;
				CLANG_WARN_OBJC_IMPLICIT_RETAIN_SELF = YES;
				CLANG_WARN_OBJC_LITERAL_CONVERSION = YES;
				CLANG_WARN_OBJC_ROOT_CLASS = YES_ERROR;
				CLANG_WARN_QUOTED_INCLUDE_IN_FRAMEWORK_HEADER = YES;
				CLANG_WARN_RANGE_LOOP_ANALYSIS = YES;
				CLANG_WARN_STRICT_PROTOTYPES = YES;
				CLANG_WARN_SUSPICIOUS_MOVE = YES;
				CLANG_WARN_UNGUARDED_AVAILABILITY = YES_AGGRESSIVE;
				CLANG_WARN_UNREACHABLE_CODE = YES;
				CLANG_WARN__DUPLICATE_METHOD_MATCH = YES;
				COPY_PHASE_STRIP = NO;
				DEBUG_INFORMATION_FORMAT = "dwarf-with-dsym";
				ENABLE_NS_ASSERTIONS = NO;
				ENABLE_STRICT_OBJC_MSGSEND = YES;
				GCC_C_LANGUAGE_STANDARD = gnu11;
				GCC_NO_COMMON_BLOCKS = YES;
				GCC_WARN_64_TO_32_BIT_CONVERSION = YES;
				GCC_WARN_ABOUT_RETURN_TYPE = YES_ERROR;
				GCC_WARN_UNDECLARED_SELECTOR = YES;
				GCC_WARN_UNINITIALIZED_AUTOS = YES_AGGRESSIVE;
				GCC_WARN_UNUSED_FUNCTION = YES;
				GCC_WARN_UNUSED_VARIABLE = YES;
				MACOSX_DEPLOYMENT_TARGET = 12.0;
				MTL_ENABLE_DEBUG_INFO = NO;
				MTL_FAST_MATH = YES;
				SDKROOT = macosx;
				SWIFT_COMPILATION_MODE = wholemodule;
				SWIFT_OPTIMIZATION_LEVEL = "-O";
			};
			name = Release;
		};
		E0A2AE392876A49100C93CB1 /* Debug */ = {
			isa = XCBuildConfiguration;
			buildSettings = {
				CODE_SIGN_STYLE = Automatic;
				DEVELOPMENT_TEAM = 4JAAT559ZA;
				ENABLE_HARDENED_RUNTIME = YES;
				PRODUCT_NAME = "$(TARGET_NAME)";
				SWIFT_VERSION = 5.0;
			};
			name = Debug;
		};
		E0A2AE3A2876A49100C93CB1 /* Release */ = {
			isa = XCBuildConfiguration;
			buildSettings = {
				CODE_SIGN_STYLE = Automatic;
				DEVELOPMENT_TEAM = 4JAAT559ZA;
				ENABLE_HARDENED_RUNTIME = YES;
				PRODUCT_NAME = "$(TARGET_NAME)";
				SWIFT_VERSION = 5.0;
			};
			name = Release;
		};
/* End XCBuildConfiguration section */

/* Begin XCConfigurationList section */
		E0A2AE2C2876A49100C93CB1 /* Build configuration list for PBXProject "Algorithm" */ = {
			isa = XCConfigurationList;
			buildConfigurations = (
				E0A2AE362876A49100C93CB1 /* Debug */,
				E0A2AE372876A49100C93CB1 /* Release */,
			);
			defaultConfigurationIsVisible = 0;
			defaultConfigurationName = Release;
		};
		E0A2AE382876A49100C93CB1 /* Build configuration list for PBXNativeTarget "Algorithm" */ = {
			isa = XCConfigurationList;
			buildConfigurations = (
				E0A2AE392876A49100C93CB1 /* Debug */,
				E0A2AE3A2876A49100C93CB1 /* Release */,
			);
			defaultConfigurationIsVisible = 0;
			defaultConfigurationName = Release;
		};
/* End XCConfigurationList section */
	};
	rootObject = E0A2AE292876A49100C93CB1 /* Project object */;
}
